
Microsoft Visual Studio Solution File, Format Version 12.00
# Visual Studio Version 17
VisualStudioVersion = 17.11.35118.90
MinimumVisualStudioVersion = 10.0.40219.1
Project("{FAE04EC0-301F-11D3-BF4B-00C04F79EFBC}") = "SerilogSearcher", "SerilogSearcher.csproj", "{94C2BE50-E99E-42CC-8898-A756EC8EAD9C}"
EndProject
Global
	GlobalSection(SolutionConfigurationPlatforms) = preSolution
		Debug|Any CPU = Debug|Any CPU
		Release|Any CPU = Release|Any CPU
	EndGlobalSection
	GlobalSection(ProjectConfigurationPlatforms) = postSolution
		{94C2BE50-E99E-42CC-8898-A756EC8EAD9C}.Debug|Any CPU.ActiveCfg = Debug|Any CPU
		{94C2BE50-E99E-42CC-8898-A756EC8EAD9C}.Debug|Any CPU.Build.0 = Debug|Any CPU
		{94C2BE50-E99E-42CC-8898-A756EC8EAD9C}.Release|Any CPU.ActiveCfg = Release|Any CPU
		{94C2BE50-E99E-42CC-8898-A756EC8EAD9C}.Release|Any CPU.Build.0 = Release|Any CPU
	EndGlobalSection
	GlobalSection(SolutionProperties) = preSolution
		HideSolutionNode = FALSE
	EndGlobalSection
	GlobalSection(ExtensibilityGlobals) = postSolution
		SolutionGuid = {9B9F9F8E-52F1-4840-B9C5-3B836B8EA6AA}
	EndGlobalSection
EndGlobal
